
Microsoft Visual Studio Solution File, Format Version 12.00
# Visual Studio Version 17
VisualStudioVersion = 17.0.32014.148
MinimumVisualStudioVersion = 10.0.40219.1
Project("{FAE04EC0-301F-11D3-BF4B-00C04F79EFBC}") = "WizControl", "WizControl.csproj", "{0ADB5C89-75FE-4FCC-9547-6D48E2B17FBC}"
EndProject
Project("{2150E333-8FDC-42A3-9474-1A3956D46DE8}") = "Solution Items", "Solution Items", "{06376A15-C82C-434D-B98E-60329407C410}"
	ProjectSection(SolutionItems) = preProject
		.editorconfig = .editorconfig
	EndProjectSection
EndProject
Project("{54435603-DBB4-11D2-8724-00A0C9A8B90C}") = "Setup", "..\Setup\Setup.vdproj", "{11C8FB7B-00D4-4B90-8A8D-33EEF347E21A}"
EndProject
Global
	GlobalSection(SolutionConfigurationPlatforms) = preSolution
		Debug|Any CPU = Debug|Any CPU
		Release|Any CPU = Release|Any CPU
	EndGlobalSection
	GlobalSection(ProjectConfigurationPlatforms) = postSolution
		{0ADB5C89-75FE-4FCC-9547-6D48E2B17FBC}.Debug|Any CPU.ActiveCfg = Debug|Any CPU
		{0ADB5C89-75FE-4FCC-9547-6D48E2B17FBC}.Debug|Any CPU.Build.0 = Debug|Any CPU
		{0ADB5C89-75FE-4FCC-9547-6D48E2B17FBC}.Release|Any CPU.ActiveCfg = Release|Any CPU
		{0ADB5C89-75FE-4FCC-9547-6D48E2B17FBC}.Release|Any CPU.Build.0 = Release|Any CPU
		{11C8FB7B-00D4-4B90-8A8D-33EEF347E21A}.Debug|Any CPU.ActiveCfg = Debug
		{11C8FB7B-00D4-4B90-8A8D-33EEF347E21A}.Release|Any CPU.ActiveCfg = Release
	EndGlobalSection
	GlobalSection(SolutionProperties) = preSolution
		HideSolutionNode = FALSE
	EndGlobalSection
	GlobalSection(ExtensibilityGlobals) = postSolution
		SolutionGuid = {583C4BDB-DCDD-4840-BAEB-B409F245C3E9}
	EndGlobalSection
EndGlobal
